// !$*UTF8*$!
{
	archiveVersion = 1;
	classes = {
	};
	objectVersion = 46;
	objects = {

/* Begin PBXBuildFile section */
		F2FE6D091D20A61600CC64FE /* AppDelegate.swift in Sources */ = {isa = PBXBuildFile; fileRef = F2FE6D081D20A61600CC64FE /* AppDelegate.swift */; };
		F2FE6D101D20A61600CC64FE /* Assets.xcassets in Resources */ = {isa = PBXBuildFile; fileRef = F2FE6D0F1D20A61600CC64FE /* Assets.xcassets */; };
		F2FE6D131D20A61600CC64FE /* LaunchScreen.storyboard in Resources */ = {isa = PBXBuildFile; fileRef = F2FE6D111D20A61600CC64FE /* LaunchScreen.storyboard */; };
		F2FE6D1E1D20A61600CC64FE /* HHWebViewControllerSwiftTests.swift in Sources */ = {isa = PBXBuildFile; fileRef = F2FE6D1D1D20A61600CC64FE /* HHWebViewControllerSwiftTests.swift */; };
		F2FE6D2A1D20A64700CC64FE /* HHWebViewControllerSwift.swift in Sources */ = {isa = PBXBuildFile; fileRef = F2FE6D291D20A64700CC64FE /* HHWebViewControllerSwift.swift */; };
/* End PBXBuildFile section */

/* Begin PBXContainerItemProxy section */
		F2FE6D1A1D20A61600CC64FE /* PBXContainerItemProxy */ = {
			isa = PBXContainerItemProxy;
			containerPortal = F2FE6CFD1D20A61500CC64FE /* Project object */;
			proxyType = 1;
			remoteGlobalIDString = F2FE6D041D20A61500CC64FE;
			remoteInfo = HHWebViewControllerSwift;
		};
/* End PBXContainerItemProxy section */

/* Begin PBXFileReference section */
		F2FE6D051D20A61500CC64FE /* HHWebViewControllerSwift.app */ = {isa = PBXFileReference; explicitFileType = wrapper.application; includeInIndex = 0; path = HHWebViewControllerSwift.app; sourceTree = BUILT_PRODUCTS_DIR; };
		F2FE6D081D20A61600CC64FE /* AppDelegate.swift */ = {isa = PBXFileReference; lastKnownFileType = sourcecode.swift; path = AppDelegate.swift; sourceTree = "<group>"; };
		F2FE6D0F1D20A61600CC64FE /* Assets.xcassets */ = {isa = PBXFileReference; lastKnownFileType = folder.assetcatalog; path = Assets.xcassets; sourceTree = "<group>"; };
		F2FE6D121D20A61600CC64FE /* Base */ = {isa = PBXFileReference; lastKnownFileType = file.storyboard; name = Base; path = Base.lproj/LaunchScreen.storyboard; sourceTree = "<group>"; };
		F2FE6D141D20A61600CC64FE /* Info.plist */ = {isa = PBXFileReference; lastKnownFileType = text.plist.xml; path = Info.plist; sourceTree = "<group>"; };
		F2FE6D191D20A61600CC64FE /* HHWebViewControllerSwiftTests.xctest */ = {isa = PBXFileReference; explicitFileType = wrapper.cfbundle; includeInIndex = 0; path = HHWebViewControllerSwiftTests.xctest; sourceTree = BUILT_PRODUCTS_DIR; };
		F2FE6D1D1D20A61600CC64FE /* HHWebViewControllerSwiftTests.swift */ = {isa = PBXFileReference; lastKnownFileType = sourcecode.swift; path = HHWebViewControllerSwiftTests.swift; sourceTree = "<group>"; };
		F2FE6D1F1D20A61600CC64FE /* Info.plist */ = {isa = PBXFileReference; lastKnownFileType = text.plist.xml; path = Info.plist; sourceTree = "<group>"; };
		F2FE6D291D20A64700CC64FE /* HHWebViewControllerSwift.swift */ = {isa = PBXFileReference; fileEncoding = 4; lastKnownFileType = sourcecode.swift; path = HHWebViewControllerSwift.swift; sourceTree = "<group>"; };
/* End PBXFileReference section */

/* Begin PBXFrameworksBuildPhase section */
		F2FE6D021D20A61500CC64FE /* Frameworks */ = {
			isa = PBXFrameworksBuildPhase;
			buildActionMask = 2147483647;
			files = (
			);
			runOnlyForDeploymentPostprocessing = 0;
		};
		F2FE6D161D20A61600CC64FE /* Frameworks */ = {
			isa = PBXFrameworksBuildPhase;
			buildActionMask = 2147483647;
			files = (
			);
			runOnlyForDeploymentPostprocessing = 0;
		};
/* End PBXFrameworksBuildPhase section */

/* Begin PBXGroup section */
		F2FE6CFC1D20A61500CC64FE = {
			isa = PBXGroup;
			children = (
				F2FE6D071D20A61600CC64FE /* HHWebViewControllerSwift */,
				F2FE6D1C1D20A61600CC64FE /* HHWebViewControllerSwiftTests */,
				F2FE6D061D20A61500CC64FE /* Products */,
			);
			sourceTree = "<group>";
		};
		F2FE6D061D20A61500CC64FE /* Products */ = {
			isa = PBXGroup;
			children = (
				F2FE6D051D20A61500CC64FE /* HHWebViewControllerSwift.app */,
				F2FE6D191D20A61600CC64FE /* HHWebViewControllerSwiftTests.xctest */,
			);
			name = Products;
			sourceTree = "<group>";
		};
		F2FE6D071D20A61600CC64FE /* HHWebViewControllerSwift */ = {
			isa = PBXGroup;
			children = (
				F2FE6D281D20A64700CC64FE /* HHWebViewControllerSwift */,
				F2FE6D081D20A61600CC64FE /* AppDelegate.swift */,
				F2FE6D0F1D20A61600CC64FE /* Assets.xcassets */,
				F2FE6D111D20A61600CC64FE /* LaunchScreen.storyboard */,
				F2FE6D141D20A61600CC64FE /* Info.plist */,
			);
			path = HHWebViewControllerSwift;
			sourceTree = "<group>";
		};
		F2FE6D1C1D20A61600CC64FE /* HHWebViewControllerSwiftTests */ = {
			isa = PBXGroup;
			children = (
				F2FE6D1D1D20A61600CC64FE /* HHWebViewControllerSwiftTests.swift */,
				F2FE6D1F1D20A61600CC64FE /* Info.plist */,
			);
			path = HHWebViewControllerSwiftTests;
			sourceTree = "<group>";
		};
		F2FE6D281D20A64700CC64FE /* HHWebViewControllerSwift */ = {
			isa = PBXGroup;
			children = (
				F2FE6D291D20A64700CC64FE /* HHWebViewControllerSwift.swift */,
			);
			path = HHWebViewControllerSwift;
			sourceTree = "<group>";
		};
/* End PBXGroup section */

/* Begin PBXNativeTarget section */
		F2FE6D041D20A61500CC64FE /* HHWebViewControllerSwift */ = {
			isa = PBXNativeTarget;
			buildConfigurationList = F2FE6D221D20A61600CC64FE /* Build configuration list for PBXNativeTarget "HHWebViewControllerSwift" */;
			buildPhases = (
				F2FE6D011D20A61500CC64FE /* Sources */,
				F2FE6D021D20A61500CC64FE /* Frameworks */,
				F2FE6D031D20A61500CC64FE /* Resources */,
			);
			buildRules = (
			);
			dependencies = (
			);
			name = HHWebViewControllerSwift;
			productName = HHWebViewControllerSwift;
			productReference = F2FE6D051D20A61500CC64FE /* HHWebViewControllerSwift.app */;
			productType = "com.apple.product-type.application";
		};
		F2FE6D181D20A61600CC64FE /* HHWebViewControllerSwiftTests */ = {
			isa = PBXNativeTarget;
			buildConfigurationList = F2FE6D251D20A61600CC64FE /* Build configuration list for PBXNativeTarget "HHWebViewControllerSwiftTests" */;
			buildPhases = (
				F2FE6D151D20A61600CC64FE /* Sources */,
				F2FE6D161D20A61600CC64FE /* Frameworks */,
				F2FE6D171D20A61600CC64FE /* Resources */,
			);
			buildRules = (
			);
			dependencies = (
				F2FE6D1B1D20A61600CC64FE /* PBXTargetDependency */,
			);
			name = HHWebViewControllerSwiftTests;
			productName = HHWebViewControllerSwiftTests;
			productReference = F2FE6D191D20A61600CC64FE /* HHWebViewControllerSwiftTests.xctest */;
			productType = "com.apple.product-type.bundle.unit-test";
		};
/* End PBXNativeTarget section */

/* Begin PBXProject section */
		F2FE6CFD1D20A61500CC64FE /* Project object */ = {
			isa = PBXProject;
			attributes = {
				LastSwiftUpdateCheck = 0730;
				LastUpgradeCheck = 0730;
				ORGANIZATIONNAME = "Donald Angelillo";
				TargetAttributes = {
					F2FE6D041D20A61500CC64FE = {
						CreatedOnToolsVersion = 7.3.1;
					};
					F2FE6D181D20A61600CC64FE = {
						CreatedOnToolsVersion = 7.3.1;
						TestTargetID = F2FE6D041D20A61500CC64FE;
					};
				};
			};
			buildConfigurationList = F2FE6D001D20A61500CC64FE /* Build configuration list for PBXProject "HHWebViewControllerSwift" */;
			compatibilityVersion = "Xcode 3.2";
			developmentRegion = English;
			hasScannedForEncodings = 0;
			knownRegions = (
				en,
				Base,
			);
			mainGroup = F2FE6CFC1D20A61500CC64FE;
			productRefGroup = F2FE6D061D20A61500CC64FE /* Products */;
			projectDirPath = "";
			projectRoot = "";
			targets = (
				F2FE6D041D20A61500CC64FE /* HHWebViewControllerSwift */,
				F2FE6D181D20A61600CC64FE /* HHWebViewControllerSwiftTests */,
			);
		};
/* End PBXProject section */

/* Begin PBXResourcesBuildPhase section */
		F2FE6D031D20A61500CC64FE /* Resources */ = {
			isa = PBXResourcesBuildPhase;
			buildActionMask = 2147483647;
			files = (
				F2FE6D131D20A61600CC64FE /* LaunchScreen.storyboard in Resources */,
				F2FE6D101D20A61600CC64FE /* Assets.xcassets in Resources */,
			);
			runOnlyForDeploymentPostprocessing = 0;
		};
		F2FE6D171D20A61600CC64FE /* Resources */ = {
			isa = PBXResourcesBuildPhase;
			buildActionMask = 2147483647;
			files = (
			);
			runOnlyForDeploymentPostprocessing = 0;
		};
/* End PBXResourcesBuildPhase section */

/* Begin PBXSourcesBuildPhase section */
		F2FE6D011D20A61500CC64FE /* Sources */ = {
			isa = PBXSourcesBuildPhase;
			buildActionMask = 2147483647;
			files = (
				F2FE6D2A1D20A64700CC64FE /* HHWebViewControllerSwift.swift in Sources */,
				F2FE6D091D20A61600CC64FE /* AppDelegate.swift in Sources */,
			);
			runOnlyForDeploymentPostprocessing = 0;
		};
		F2FE6D151D20A61600CC64FE /* Sources */ = {
			isa = PBXSourcesBuildPhase;
			buildActionMask = 2147483647;
			files = (
				F2FE6D1E1D20A61600CC64FE /* HHWebViewControllerSwiftTests.swift in Sources */,
			);
			runOnlyForDeploymentPostprocessing = 0;
		};
/* End PBXSourcesBuildPhase section */

/* Begin PBXTargetDependency section */
		F2FE6D1B1D20A61600CC64FE /* PBXTargetDependency */ = {
			isa = PBXTargetDependency;
			target = F2FE6D041D20A61500CC64FE /* HHWebViewControllerSwift */;
			targetProxy = F2FE6D1A1D20A61600CC64FE /* PBXContainerItemProxy */;
		};
/* End PBXTargetDependency section */

/* Begin PBXVariantGroup section */
		F2FE6D111D20A61600CC64FE /* LaunchScreen.storyboard */ = {
			isa = PBXVariantGroup;
			children = (
				F2FE6D121D20A61600CC64FE /* Base */,
			);
			name = LaunchScreen.storyboard;
			sourceTree = "<group>";
		};
/* End PBXVariantGroup section */

/* Begin XCBuildConfiguration section */
		F2FE6D201D20A61600CC64FE /* Debug */ = {
			isa = XCBuildConfiguration;
			buildSettings = {
				ALWAYS_SEARCH_USER_PATHS = NO;
				CLANG_ANALYZER_NONNULL = YES;
				CLANG_CXX_LANGUAGE_STANDARD = "gnu++0x";
				CLANG_CXX_LIBRARY = "libc++";
				CLANG_ENABLE_MODULES = YES;
				CLANG_ENABLE_OBJC_ARC = YES;
				CLANG_WARN_BOOL_CONVERSION = YES;
				CLANG_WARN_CONSTANT_CONVERSION = YES;
				CLANG_WARN_DIRECT_OBJC_ISA_USAGE = YES_ERROR;
				CLANG_WARN_EMPTY_BODY = YES;
				CLANG_WARN_ENUM_CONVERSION = YES;
				CLANG_WARN_INT_CONVERSION = YES;
				CLANG_WARN_OBJC_ROOT_CLASS = YES_ERROR;
				CLANG_WARN_UNREACHABLE_CODE = YES;
				CLANG_WARN__DUPLICATE_METHOD_MATCH = YES;
				"CODE_SIGN_IDENTITY[sdk=iphoneos*]" = "iPhone Developer";
				COPY_PHASE_STRIP = NO;
				DEBUG_INFORMATION_FORMAT = dwarf;
				ENABLE_STRICT_OBJC_MSGSEND = YES;
				ENABLE_TESTABILITY = YES;
				GCC_C_LANGUAGE_STANDARD = gnu99;
				GCC_DYNAMIC_NO_PIC = NO;
				GCC_NO_COMMON_BLOCKS = YES;
				GCC_OPTIMIZATION_LEVEL = 0;
				GCC_PREPROCESSOR_DEFINITIONS = (
					"DEBUG=1",
					"$(inherited)",
				);
				GCC_WARN_64_TO_32_BIT_CONVERSION = YES;
				GCC_WARN_ABOUT_RETURN_TYPE = YES_ERROR;
				GCC_WARN_UNDECLARED_SELECTOR = YES;
				GCC_WARN_UNINITIALIZED_AUTOS = YES_AGGRESSIVE;
				GCC_WARN_UNUSED_FUNCTION = YES;
				GCC_WARN_UNUSED_VARIABLE = YES;
				IPHONEOS_DEPLOYMENT_TARGET = 9.3;
				MTL_ENABLE_DEBUG_INFO = YES;
				ONLY_ACTIVE_ARCH = YES;
				SDKROOT = iphoneos;
				SWIFT_OPTIMIZATION_LEVEL = "-Onone";
				TARGETED_DEVICE_FAMILY = "1,2";
			};
			name = Debug;
		};
		F2FE6D211D20A61600CC64FE /* Release */ = {
			isa = XCBuildConfiguration;
			buildSettings = {
				ALWAYS_SEARCH_USER_PATHS = NO;
				CLANG_ANALYZER_NONNULL = YES;
				CLANG_CXX_LANGUAGE_STANDARD = "gnu++0x";
				CLANG_CXX_LIBRARY = "libc++";
				CLANG_ENABLE_MODULES = YES;
				CLANG_ENABLE_OBJC_ARC = YES;
				CLANG_WARN_BOOL_CONVERSION = YES;
				CLANG_WARN_CONSTANT_CONVERSION = YES;
				CLANG_WARN_DIRECT_OBJC_ISA_USAGE = YES_ERROR;
				CLANG_WARN_EMPTY_BODY = YES;
				CLANG_WARN_ENUM_CONVERSION = YES;
				CLANG_WARN_INT_CONVERSION = YES;
				CLANG_WARN_OBJC_ROOT_CLASS = YES_ERROR;
				CLANG_WARN_UNREACHABLE_CODE = YES;
				CLANG_WARN__DUPLICATE_METHOD_MATCH = YES;
				"CODE_SIGN_IDENTITY[sdk=iphoneos*]" = "iPhone Developer";
				COPY_PHASE_STRIP = NO;
				DEBUG_INFORMATION_FORMAT = "dwarf-with-dsym";
				ENABLE_NS_ASSERTIONS = NO;
				ENABLE_STRICT_OBJC_MSGSEND = YES;
				GCC_C_LANGUAGE_STANDARD = gnu99;
				GCC_NO_COMMON_BLOCKS = YES;
				GCC_WARN_64_TO_32_BIT_CONVERSION = YES;
				GCC_WARN_ABOUT_RETURN_TYPE = YES_ERROR;
				GCC_WARN_UNDECLARED_SELECTOR = YES;
				GCC_WARN_UNINITIALIZED_AUTOS = YES_AGGRESSIVE;
				GCC_WARN_UNUSED_FUNCTION = YES;
				GCC_WARN_UNUSED_VARIABLE = YES;
				IPHONEOS_DEPLOYMENT_TARGET = 9.3;
				MTL_ENABLE_DEBUG_INFO = NO;
				SDKROOT = iphoneos;
				TARGETED_DEVICE_FAMILY = "1,2";
				VALIDATE_PRODUCT = YES;
			};
			name = Release;
		};
		F2FE6D231D20A61600CC64FE /* Debug */ = {
			isa = XCBuildConfiguration;
			buildSettings = {
				ASSETCATALOG_COMPILER_APPICON_NAME = AppIcon;
				INFOPLIST_FILE = HHWebViewControllerSwift/Info.plist;
				LD_RUNPATH_SEARCH_PATHS = "$(inherited) @executable_path/Frameworks";
				PRODUCT_BUNDLE_IDENTIFIER = com.donangelillo.HHWebViewControllerSwift;
				PRODUCT_NAME = "$(TARGET_NAME)";
			};
			name = Debug;
		};
		F2FE6D241D20A61600CC64FE /* Release */ = {
			isa = XCBuildConfiguration;
			buildSettings = {
				ASSETCATALOG_COMPILER_APPICON_NAME = AppIcon;
				INFOPLIST_FILE = HHWebViewControllerSwift/Info.plist;
				LD_RUNPATH_SEARCH_PATHS = "$(inherited) @executable_path/Frameworks";
				PRODUCT_BUNDLE_IDENTIFIER = com.donangelillo.HHWebViewControllerSwift;
				PRODUCT_NAME = "$(TARGET_NAME)";
			};
			name = Release;
		};
		F2FE6D261D20A61600CC64FE /* Debug */ = {
			isa = XCBuildConfiguration;
			buildSettings = {
				BUNDLE_LOADER = "$(TEST_HOST)";
				INFOPLIST_FILE = HHWebViewControllerSwiftTests/Info.plist;
				LD_RUNPATH_SEARCH_PATHS = "$(inherited) @executable_path/Frameworks @loader_path/Frameworks";
				PRODUCT_BUNDLE_IDENTIFIER = com.donangelillo.HHWebViewControllerSwiftTests;
				PRODUCT_NAME = "$(TARGET_NAME)";
				TEST_HOST = "$(BUILT_PRODUCTS_DIR)/HHWebViewControllerSwift.app/HHWebViewControllerSwift";
			};
			name = Debug;
		};
		F2FE6D271D20A61600CC64FE /* Release */ = {
			isa = XCBuildConfiguration;
			buildSettings = {
				BUNDLE_LOADER = "$(TEST_HOST)";
				INFOPLIST_FILE = HHWebViewControllerSwiftTests/Info.plist;
				LD_RUNPATH_SEARCH_PATHS = "$(inherited) @executable_path/Frameworks @loader_path/Frameworks";
				PRODUCT_BUNDLE_IDENTIFIER = com.donangelillo.HHWebViewControllerSwiftTests;
				PRODUCT_NAME = "$(TARGET_NAME)";
				TEST_HOST = "$(BUILT_PRODUCTS_DIR)/HHWebViewControllerSwift.app/HHWebViewControllerSwift";
			};
			name = Release;
		};
/* End XCBuildConfiguration section */

/* Begin XCConfigurationList section */
		F2FE6D001D20A61500CC64FE /* Build configuration list for PBXProject "HHWebViewControllerSwift" */ = {
			isa = XCConfigurationList;
			buildConfigurations = (
				F2FE6D201D20A61600CC64FE /* Debug */,
				F2FE6D211D20A61600CC64FE /* Release */,
			);
			defaultConfigurationIsVisible = 0;
			defaultConfigurationName = Release;
		};
		F2FE6D221D20A61600CC64FE /* Build configuration list for PBXNativeTarget "HHWebViewControllerSwift" */ = {
			isa = XCConfigurationList;
			buildConfigurations = (
				F2FE6D231D20A61600CC64FE /* Debug */,
				F2FE6D241D20A61600CC64FE /* Release */,
			);
			defaultConfigurationIsVisible = 0;
		};
		F2FE6D251D20A61600CC64FE /* Build configuration list for PBXNativeTarget "HHWebViewControllerSwiftTests" */ = {
			isa = XCConfigurationList;
			buildConfigurations = (
				F2FE6D261D20A61600CC64FE /* Debug */,
				F2FE6D271D20A61600CC64FE /* Release */,
			);
			defaultConfigurationIsVisible = 0;
		};
/* End XCConfigurationList section */
	};
	rootObject = F2FE6CFD1D20A61500CC64FE /* Project object */;
}
